
Microsoft Visual Studio Solution File, Format Version 12.00
# Visual Studio Version 16
VisualStudioVersion = 16.0.30225.117
MinimumVisualStudioVersion = 10.0.40219.1
Project("{FAE04EC0-301F-11D3-BF4B-00C04F79EFBC}") = "Data Structures", "Data Structures.csproj", "{E9B08074-F7D6-42A2-8B43-39EB74DF8910}"
EndProject
Global
	GlobalSection(SolutionConfigurationPlatforms) = preSolution
		Debug|Any CPU = Debug|Any CPU
		Release|Any CPU = Release|Any CPU
	EndGlobalSection
	GlobalSection(ProjectConfigurationPlatforms) = postSolution
		{E9B08074-F7D6-42A2-8B43-39EB74DF8910}.Debug|Any CPU.ActiveCfg = Debug|Any CPU
		{E9B08074-F7D6-42A2-8B43-39EB74DF8910}.Debug|Any CPU.Build.0 = Debug|Any CPU
		{E9B08074-F7D6-42A2-8B43-39EB74DF8910}.Release|Any CPU.ActiveCfg = Release|Any CPU
		{E9B08074-F7D6-42A2-8B43-39EB74DF8910}.Release|Any CPU.Build.0 = Release|Any CPU
	EndGlobalSection
	GlobalSection(SolutionProperties) = preSolution
		HideSolutionNode = FALSE
	EndGlobalSection
	GlobalSection(ExtensibilityGlobals) = postSolution
		SolutionGuid = {55932753-4E0B-44E9-B815-07FFB5395635}
	EndGlobalSection
EndGlobal
